
Microsoft Visual Studio Solution File, Format Version 12.00
# Visual Studio Version 16
VisualStudioVersion = 16.0.31129.286
MinimumVisualStudioVersion = 10.0.40219.1
Project("{FAE04EC0-301F-11D3-BF4B-00C04F79EFBC}") = "SourceCodePosterizer", "SourceCodePosterizer.csproj", "{E42F7FB7-DC4D-4E43-A605-58620A2EA43B}"
EndProject
Global
	GlobalSection(SolutionConfigurationPlatforms) = preSolution
		Debug|Any CPU = Debug|Any CPU
		Release|Any CPU = Release|Any CPU
	EndGlobalSection
	GlobalSection(ProjectConfigurationPlatforms) = postSolution
		{E42F7FB7-DC4D-4E43-A605-58620A2EA43B}.Debug|Any CPU.ActiveCfg = Debug|Any CPU
		{E42F7FB7-DC4D-4E43-A605-58620A2EA43B}.Debug|Any CPU.Build.0 = Debug|Any CPU
		{E42F7FB7-DC4D-4E43-A605-58620A2EA43B}.Release|Any CPU.ActiveCfg = Release|Any CPU
		{E42F7FB7-DC4D-4E43-A605-58620A2EA43B}.Release|Any CPU.Build.0 = Release|Any CPU
	EndGlobalSection
	GlobalSection(SolutionProperties) = preSolution
		HideSolutionNode = FALSE
	EndGlobalSection
	GlobalSection(ExtensibilityGlobals) = postSolution
		SolutionGuid = {69D0BC4C-D384-4BB3-9E48-3C1FB0582566}
	EndGlobalSection
EndGlobal
